
Microsoft Visual Studio Solution File, Format Version 12.00
# Visual Studio Version 17
VisualStudioVersion = 17.9.34728.123
MinimumVisualStudioVersion = 10.0.40219.1
Project("{FAE04EC0-301F-11D3-BF4B-00C04F79EFBC}") = "WindowsFormsAppDGV", "WindowsFormsAppDGV\WindowsFormsAppDGV.csproj", "{484CC834-E13E-46AB-A86B-873125BD184A}"
EndProject
Global
	GlobalSection(SolutionConfigurationPlatforms) = preSolution
		Debug|Any CPU = Debug|Any CPU
		Release|Any CPU = Release|Any CPU
	EndGlobalSection
	GlobalSection(ProjectConfigurationPlatforms) = postSolution
		{484CC834-E13E-46AB-A86B-873125BD184A}.Debug|Any CPU.ActiveCfg = Debug|Any CPU
		{484CC834-E13E-46AB-A86B-873125BD184A}.Debug|Any CPU.Build.0 = Debug|Any CPU
		{484CC834-E13E-46AB-A86B-873125BD184A}.Release|Any CPU.ActiveCfg = Release|Any CPU
		{484CC834-E13E-46AB-A86B-873125BD184A}.Release|Any CPU.Build.0 = Release|Any CPU
	EndGlobalSection
	GlobalSection(SolutionProperties) = preSolution
		HideSolutionNode = FALSE
	EndGlobalSection
	GlobalSection(ExtensibilityGlobals) = postSolution
		SolutionGuid = {CAAF3C4D-863E-4C94-A74F-B07257D289C9}
	EndGlobalSection
EndGlobal
